
Microsoft Visual Studio Solution File, Format Version 12.00
# Visual Studio Version 16
VisualStudioVersion = 16.0.31410.357
MinimumVisualStudioVersion = 10.0.40219.1
Project("{FAE04EC0-301F-11D3-BF4B-00C04F79EFBC}") = "BF1RecordQuery", "BF1RecordQuery.csproj", "{02C8C398-3E11-403E-8444-F626F5CEF8F9}"
EndProject
Global
	GlobalSection(SolutionConfigurationPlatforms) = preSolution
		Debug|Any CPU = Debug|Any CPU
		Debug|x64 = Debug|x64
		Release|Any CPU = Release|Any CPU
		Release|x64 = Release|x64
	EndGlobalSection
	GlobalSection(ProjectConfigurationPlatforms) = postSolution
		{02C8C398-3E11-403E-8444-F626F5CEF8F9}.Debug|Any CPU.ActiveCfg = Debug|Any CPU
		{02C8C398-3E11-403E-8444-F626F5CEF8F9}.Debug|Any CPU.Build.0 = Debug|Any CPU
		{02C8C398-3E11-403E-8444-F626F5CEF8F9}.Debug|x64.ActiveCfg = Debug|x64
		{02C8C398-3E11-403E-8444-F626F5CEF8F9}.Debug|x64.Build.0 = Debug|x64
		{02C8C398-3E11-403E-8444-F626F5CEF8F9}.Release|Any CPU.ActiveCfg = Release|Any CPU
		{02C8C398-3E11-403E-8444-F626F5CEF8F9}.Release|Any CPU.Build.0 = Release|Any CPU
		{02C8C398-3E11-403E-8444-F626F5CEF8F9}.Release|x64.ActiveCfg = Release|x64
		{02C8C398-3E11-403E-8444-F626F5CEF8F9}.Release|x64.Build.0 = Release|x64
	EndGlobalSection
	GlobalSection(SolutionProperties) = preSolution
		HideSolutionNode = FALSE
	EndGlobalSection
	GlobalSection(ExtensibilityGlobals) = postSolution
		SolutionGuid = {269B1BAD-D4B6-44BC-8551-CF10389AA27E}
	EndGlobalSection
EndGlobal
